
Microsoft Visual Studio Solution File, Format Version 12.00
# Visual Studio Version 16
VisualStudioVersion = 16.0.30804.86
MinimumVisualStudioVersion = 10.0.40219.1
Project("{2150E333-8FDC-42A3-9474-1A3956D46DE8}") = "Api", "Api", "{DC79F97F-FE3B-4350-83B8-04B6A74692AA}"
EndProject
Project("{2150E333-8FDC-42A3-9474-1A3956D46DE8}") = "App", "App", "{252FF89F-B625-44B7-AAC0-FDEA47C81D6C}"
EndProject
Project("{2150E333-8FDC-42A3-9474-1A3956D46DE8}") = "Domain", "Domain", "{FCEE631D-9CA1-4B0D-9BF7-F75793C4D03A}"
EndProject
Project("{2150E333-8FDC-42A3-9474-1A3956D46DE8}") = "Infra", "Infra", "{83B9B46D-A165-4BF6-87A8-8C915A97CE23}"
EndProject
Project("{FAE04EC0-301F-11D3-BF4B-00C04F79EFBC}") = "OK.Tech.Api", "src\OK.Tech.Api\OK.Tech.Api.csproj", "{EFF772A5-6817-4F71-A67D-26EA02A5682D}"
EndProject
Project("{FAE04EC0-301F-11D3-BF4B-00C04F79EFBC}") = "OK.Tech.Domain", "src\OK.Tech.Domain\OK.Tech.Domain.csproj", "{B2861DFF-A61C-40DA-9C29-2B7143E21945}"
EndProject
Global
	GlobalSection(SolutionConfigurationPlatforms) = preSolution
		Debug|Any CPU = Debug|Any CPU
		Release|Any CPU = Release|Any CPU
	EndGlobalSection
	GlobalSection(ProjectConfigurationPlatforms) = postSolution
		{EFF772A5-6817-4F71-A67D-26EA02A5682D}.Debug|Any CPU.ActiveCfg = Debug|Any CPU
		{EFF772A5-6817-4F71-A67D-26EA02A5682D}.Debug|Any CPU.Build.0 = Debug|Any CPU
		{EFF772A5-6817-4F71-A67D-26EA02A5682D}.Release|Any CPU.ActiveCfg = Release|Any CPU
		{EFF772A5-6817-4F71-A67D-26EA02A5682D}.Release|Any CPU.Build.0 = Release|Any CPU
		{B2861DFF-A61C-40DA-9C29-2B7143E21945}.Debug|Any CPU.ActiveCfg = Debug|Any CPU
		{B2861DFF-A61C-40DA-9C29-2B7143E21945}.Debug|Any CPU.Build.0 = Debug|Any CPU
		{B2861DFF-A61C-40DA-9C29-2B7143E21945}.Release|Any CPU.ActiveCfg = Release|Any CPU
		{B2861DFF-A61C-40DA-9C29-2B7143E21945}.Release|Any CPU.Build.0 = Release|Any CPU
	EndGlobalSection
	GlobalSection(SolutionProperties) = preSolution
		HideSolutionNode = FALSE
	EndGlobalSection
	GlobalSection(NestedProjects) = preSolution
		{EFF772A5-6817-4F71-A67D-26EA02A5682D} = {DC79F97F-FE3B-4350-83B8-04B6A74692AA}
		{B2861DFF-A61C-40DA-9C29-2B7143E21945} = {FCEE631D-9CA1-4B0D-9BF7-F75793C4D03A}
	EndGlobalSection
	GlobalSection(ExtensibilityGlobals) = postSolution
		SolutionGuid = {5345681B-A2D7-4F5B-8BB4-60142469866D}
	EndGlobalSection
EndGlobal
